
Microsoft Visual Studio Solution File, Format Version 12.00
# Visual Studio Version 17
VisualStudioVersion = 17.3.32929.385
MinimumVisualStudioVersion = 10.0.40219.1
Project("{FAE04EC0-301F-11D3-BF4B-00C04F79EFBC}") = "StructureAttributes.MVVM", "StructureAttributes.MVVM.csproj", "{95CE9F9D-12D5-4789-8D33-06AFD5186622}"
EndProject
Project("{FAE04EC0-301F-11D3-BF4B-00C04F79EFBC}") = "StructureAttributes.ViewModels", "..\StructureAttributes.ViewModel\StructureAttributes.ViewModels.csproj", "{34D97A6B-F9F7-44D1-955A-807A19F60629}"
EndProject
Project("{FAE04EC0-301F-11D3-BF4B-00C04F79EFBC}") = "StructureAttributes.UI", "..\StructureAttributes.UI\StructureAttributes.UI.csproj", "{AEC4D707-ECDF-4A48-8E71-4EA7F37AB33B}"
EndProject
Project("{FAE04EC0-301F-11D3-BF4B-00C04F79EFBC}") = "StructureAttributesRhinoPlugin", "..\StructureAttributesRhinoPlugin\StructureAttributesRhinoPlugin.csproj", "{C0E1CF6E-46BC-4377-B909-BEC56ECF69A5}"
EndProject
Global
	GlobalSection(SolutionConfigurationPlatforms) = preSolution
		Debug|Any CPU = Debug|Any CPU
		Release|Any CPU = Release|Any CPU
	EndGlobalSection
	GlobalSection(ProjectConfigurationPlatforms) = postSolution
		{95CE9F9D-12D5-4789-8D33-06AFD5186622}.Debug|Any CPU.ActiveCfg = Debug|Any CPU
		{95CE9F9D-12D5-4789-8D33-06AFD5186622}.Debug|Any CPU.Build.0 = Debug|Any CPU
		{95CE9F9D-12D5-4789-8D33-06AFD5186622}.Release|Any CPU.ActiveCfg = Release|Any CPU
		{95CE9F9D-12D5-4789-8D33-06AFD5186622}.Release|Any CPU.Build.0 = Release|Any CPU
		{34D97A6B-F9F7-44D1-955A-807A19F60629}.Debug|Any CPU.ActiveCfg = Debug|Any CPU
		{34D97A6B-F9F7-44D1-955A-807A19F60629}.Debug|Any CPU.Build.0 = Debug|Any CPU
		{34D97A6B-F9F7-44D1-955A-807A19F60629}.Release|Any CPU.ActiveCfg = Release|Any CPU
		{34D97A6B-F9F7-44D1-955A-807A19F60629}.Release|Any CPU.Build.0 = Release|Any CPU
		{AEC4D707-ECDF-4A48-8E71-4EA7F37AB33B}.Debug|Any CPU.ActiveCfg = Debug|Any CPU
		{AEC4D707-ECDF-4A48-8E71-4EA7F37AB33B}.Debug|Any CPU.Build.0 = Debug|Any CPU
		{AEC4D707-ECDF-4A48-8E71-4EA7F37AB33B}.Release|Any CPU.ActiveCfg = Release|Any CPU
		{AEC4D707-ECDF-4A48-8E71-4EA7F37AB33B}.Release|Any CPU.Build.0 = Release|Any CPU
		{C0E1CF6E-46BC-4377-B909-BEC56ECF69A5}.Debug|Any CPU.ActiveCfg = Debug|Any CPU
		{C0E1CF6E-46BC-4377-B909-BEC56ECF69A5}.Debug|Any CPU.Build.0 = Debug|Any CPU
		{C0E1CF6E-46BC-4377-B909-BEC56ECF69A5}.Release|Any CPU.ActiveCfg = Release|Any CPU
		{C0E1CF6E-46BC-4377-B909-BEC56ECF69A5}.Release|Any CPU.Build.0 = Release|Any CPU
	EndGlobalSection
	GlobalSection(SolutionProperties) = preSolution
		HideSolutionNode = FALSE
	EndGlobalSection
	GlobalSection(ExtensibilityGlobals) = postSolution
		SolutionGuid = {D197DA2B-C434-4B7D-87B5-EF4DFA2F7A33}
	EndGlobalSection
EndGlobal
